
Microsoft Visual Studio Solution File, Format Version 12.00
# Visual Studio 2015
Project("{FAE04EC0-301F-11D3-BF4B-00C04F79EFBC}") = "OrbitTest", "OrbitTest.csproj", "{C1354388-2ADD-DF5A-2188-0DFC75A15C55}"
EndProject
Project("{FAE04EC0-301F-11D3-BF4B-00C04F79EFBC}") = "OrbitTest.Editor", "OrbitTest.Editor.csproj", "{A5C21D24-61CD-7AEE-C6BB-F364FD2BBC55}"
EndProject
Global
	GlobalSection(SolutionConfigurationPlatforms) = preSolution
		Debug|Any CPU = Debug|Any CPU
		Release|Any CPU = Release|Any CPU
	EndGlobalSection
	GlobalSection(ProjectConfigurationPlatforms) = postSolution
		{C1354388-2ADD-DF5A-2188-0DFC75A15C55}.Debug|Any CPU.ActiveCfg = Debug|Any CPU
		{C1354388-2ADD-DF5A-2188-0DFC75A15C55}.Debug|Any CPU.Build.0 = Debug|Any CPU
		{C1354388-2ADD-DF5A-2188-0DFC75A15C55}.Release|Any CPU.ActiveCfg = Release|Any CPU
		{C1354388-2ADD-DF5A-2188-0DFC75A15C55}.Release|Any CPU.Build.0 = Release|Any CPU
		{A5C21D24-61CD-7AEE-C6BB-F364FD2BBC55}.Debug|Any CPU.ActiveCfg = Debug|Any CPU
		{A5C21D24-61CD-7AEE-C6BB-F364FD2BBC55}.Debug|Any CPU.Build.0 = Debug|Any CPU
		{A5C21D24-61CD-7AEE-C6BB-F364FD2BBC55}.Release|Any CPU.ActiveCfg = Release|Any CPU
		{A5C21D24-61CD-7AEE-C6BB-F364FD2BBC55}.Release|Any CPU.Build.0 = Release|Any CPU
	EndGlobalSection
	GlobalSection(SolutionProperties) = preSolution
		HideSolutionNode = FALSE
	EndGlobalSection
EndGlobal
